
Microsoft Visual Studio Solution File, Format Version 12.00
# Visual Studio Version 17
VisualStudioVersion = 17.6.33712.159
MinimumVisualStudioVersion = 10.0.40219.1
Project("{FAE04EC0-301F-11D3-BF4B-00C04F79EFBC}") = "Yandex", "Yandex.csproj", "{AAD33DDA-957D-42C5-8720-0DC961071DEF}"
EndProject
Global
	GlobalSection(SolutionConfigurationPlatforms) = preSolution
		Debug|Any CPU = Debug|Any CPU
		Release|Any CPU = Release|Any CPU
	EndGlobalSection
	GlobalSection(ProjectConfigurationPlatforms) = postSolution
		{AAD33DDA-957D-42C5-8720-0DC961071DEF}.Debug|Any CPU.ActiveCfg = Debug|Any CPU
		{AAD33DDA-957D-42C5-8720-0DC961071DEF}.Debug|Any CPU.Build.0 = Debug|Any CPU
		{AAD33DDA-957D-42C5-8720-0DC961071DEF}.Release|Any CPU.ActiveCfg = Release|Any CPU
		{AAD33DDA-957D-42C5-8720-0DC961071DEF}.Release|Any CPU.Build.0 = Release|Any CPU
	EndGlobalSection
	GlobalSection(SolutionProperties) = preSolution
		HideSolutionNode = FALSE
	EndGlobalSection
	GlobalSection(ExtensibilityGlobals) = postSolution
		SolutionGuid = {B56A2881-E653-4AC3-B0E4-BF9670BA9F38}
	EndGlobalSection
EndGlobal
